
Microsoft Visual Studio Solution File, Format Version 12.00
# Visual Studio Version 16
VisualStudioVersion = 16.0.30413.136
MinimumVisualStudioVersion = 10.0.40219.1
Project("{FAE04EC0-301F-11D3-BF4B-00C04F79EFBC}") = "Forum", "Forum\Forum.csproj", "{834B68C8-E476-4814-B6FE-0526AAA6C1F9}"
EndProject
Global
	GlobalSection(SolutionConfigurationPlatforms) = preSolution
		Debug|Any CPU = Debug|Any CPU
		Release|Any CPU = Release|Any CPU
	EndGlobalSection
	GlobalSection(ProjectConfigurationPlatforms) = postSolution
		{834B68C8-E476-4814-B6FE-0526AAA6C1F9}.Debug|Any CPU.ActiveCfg = Debug|Any CPU
		{834B68C8-E476-4814-B6FE-0526AAA6C1F9}.Debug|Any CPU.Build.0 = Debug|Any CPU
		{834B68C8-E476-4814-B6FE-0526AAA6C1F9}.Release|Any CPU.ActiveCfg = Release|Any CPU
		{834B68C8-E476-4814-B6FE-0526AAA6C1F9}.Release|Any CPU.Build.0 = Release|Any CPU
	EndGlobalSection
	GlobalSection(SolutionProperties) = preSolution
		HideSolutionNode = FALSE
	EndGlobalSection
	GlobalSection(ExtensibilityGlobals) = postSolution
		SolutionGuid = {D747BE7B-E3E6-4F30-829B-3A3C6BE358CC}
	EndGlobalSection
EndGlobal
